# This file is automatically @generated by Poetry 2.4.3 and should not be changed by hand.

[[package]]
name = "async-timeout"
version = "5.0.1"
description = "Timeout context manager for asyncio programs"
optional = true
python-versions = ">=3.8"
groups = ["main"]
markers = "(extra == \"redis\" or extra == \"dev\") and python_full_version < \"3.11.3\""
files = [
    {file = "async_timeout-5.0.1-py3-none-any.whl", hash = "sha256:39e3809566ff85354557ec2398b55e096c8364bacac9405a7a1fa429e77fe76c"},
    {file = "async_timeout-5.0.1.tar.gz", hash = "sha256:d9321a7a3d5a6a5e187e824d2fa0793ce379a202935782d555d6e9d2735677d3"},
]

[[package]]
name = "backports-asyncio-runner"
version = "1.2.0"
description = "Backport of asyncio.Runner, a context manager that controls event loop life cycle."
optional = true
python-versions = "<3.11,>=3.8"
groups = ["main"]
markers = "extra == \"dev\" and python_version < \"3.11\""
files = [
    {file = "backports_asyncio_runner-1.2.0-py3-none-any.whl", hash = "sha256:0da0a936a8aeb554eccb426dc55af3ba63bcdc69fa1a600b5bb305413a4477b5"},
    {file = "backports_asyncio_runner-1.2.0.tar.gz", hash = "sha256:a5aa7b2b7d8f8bfcaa2b57313f70792df84e32a2a746f585213373f900b42162"},
]

[[package]]
name = "colorama"
version = "0.4.6"
description = "Cross-platform colored terminal text."
optional = true
python-versions = "!=3.0.*,!=3.1.*,!=3.2.*,!=3.3.*,!=3.4.*,!=3.5.*,!=3.6.*,>=2.7"
groups = ["main"]
markers = "extra == \"dev\" and sys_platform == \"win32\""
files = [
    {file = "colorama-0.4.6-py2.py3-none-any.whl", hash = "sha256:4f1d9991f5acc0ca119f9d443620b77f9d6b33703e51011c16baf57afb285fc6"},
    {file = "colorama-0.4.6.tar.gz", hash = "sha256:08695f5cb7ed6e0531a20572697297273c47b8cae5a63ffc6d6ed5c201be6e44"},
]

[[package]]
name = "exceptiongroup"
version = "1.3.1"
description = "Backport of PEP 654 (exception groups)"
optional = true
python-versions = ">=3.7"
groups = ["main"]
markers = "extra == \"dev\" and python_version < \"3.11\""
files = [
    {file = "exceptiongroup-1.3.1-py3-none-any.whl", hash = "sha256:a7a39a3bd276781e98394987d3a5701d0c4edffb633bb7a5144577f82c773598"},
    {file = "exceptiongroup-1.3.1.tar.gz", hash = "sha256:8b412432c6055b0b7d14c310000ae93352ed6754f70fa8f7c34141f91c4e3219"},
]

[package.dependencies]
typing-extensions = {version = ">=4.6.0", markers = "python_version < \"3.13\""}

[package.extras]
test = ["pytest (>=6)"]

[[package]]
name = "fakeredis"
version = "2.37.1"
description = "Python implementation of redis API, can be used for testing purposes."
optional = true
python-versions = ">=3.8"
groups = ["main"]
markers = "extra == \"dev\""
files = [
    {file = "fakeredis-2.37.1-py3-none-any.whl", hash = "sha256:f15c41be151c1e9206416dece764369a4dedb6b1341df3734c3c2c000e405508"},
    {file = "fakeredis-2.37.1.tar.gz", hash = "sha256:9045851b0a9fe56312696aadc82435141aa43a193cab462d372c8fb583a7c087"},
]

[package.dependencies]
redis = ">=4.3"
sortedcontainers = ">=2"
typing-extensions = {version = ">=4.7", markers = "python_version < \"3.11\""}

[package.extras]
bf = ["pyprobables (>=0.6)"]
cf = ["pyprobables (>=0.6)"]
json = ["jsonpath-ng (>=1.6)"]
lua = ["lupa (>=2.1)"]
probabilistic = ["pyprobables (>=0.6)"]
valkey = ["valkey (>=6)"]
vectorset = ["jsonpath-ng (>=1.6) ; python_version >= \"3.11\"", "numpy (>=2.4.0) ; python_version >= \"3.11\""]

[[package]]
name = "immutables"
version = "0.21"
description = "Immutable Collections"
optional = false
python-versions = ">=3.8.0"
groups = ["main"]
files = [
    {file = "immutables-0.21-cp310-cp310-macosx_10_9_x86_64.whl", hash = "sha256:14cb09d4f4577ad9ab8770a340dc2158e0a5ab5775cb34c75960167a31104212"},
    {file = "immutables-0.21-cp310-cp310-macosx_11_0_arm64.whl", hash = "sha256:22ba593f95044ac60d2af463f3dc86cd0e223f8c51df85dff65d663d93e19f51"},
    {file = "immutables-0.21-cp310-cp310-manylinux_2_17_aarch64.manylinux2014_aarch64.whl", hash = "sha256:25afc81a7bcf26c8364f85e52a14e0095344343e79493c73b0e9a765310a0bed"},
    {file = "immutables-0.21-cp310-cp310-manylinux_2_5_x86_64.manylinux1_x86_64.manylinux_2_17_x86_64.manylinux2014_x86_64.whl", hash = "sha256:eac6e2868567289f88c6810f296940c328a1d38c9abc841eed04963102a27d12"},
    {file = "immutables-0.21-cp310-cp310-musllinux_1_2_aarch64.whl", hash = "sha256:ba8bca21a1d034f4577ede1e9553a681dd01199c06b563f1a8316f2623b64985"},
    {file = "immutables-0.21-cp310-cp310-musllinux_1_2_x86_64.whl", hash = "sha256:39337bfb42f83dd787a81e2d00e90efa17c4a39a9cf1210b8a50dafe32438aae"},
    {file = "immutables-0.21-cp310-cp310-win32.whl", hash = "sha256:b24aa98f6cdae4ba15baf3aa00e84223bafcd0d3fd7f0443474527ec951845e1"},
    {file = "immutables-0.21-cp310-cp310-win_amd64.whl", hash = "sha256:715f8e5f8e1c35f036f9ac62eaf8b672eec1cdc2b4f9b73864cc64eccc76661c"},
    {file = "immutables-0.21-cp311-cp311-macosx_10_9_x86_64.whl", hash = "sha256:5d780c38067047911a2e06a86ba063ba0055618ab5573c8198ef3f368e321303"},
    {file = "immutables-0.21-cp311-cp311-macosx_11_0_arm64.whl", hash = "sha256:9aab9d0f0016f6e0bfe7e4a4cb831ef20063da6468b1bbc71d06ef285781ee9e"},
    {file = "immutables-0.21-cp311-cp311-manylinux_2_17_aarch64.manylinux2014_aarch64.whl", hash = "sha256:7ff83390b05d3372acb9a0c928f6cc20c78e74ca20ed88eb941f84a63b65e444"},
    {file = "immutables-0.21-cp311-cp311-manylinux_2_5_x86_64.manylinux1_x86_64.manylinux_2_17_x86_64.manylinux2014_x86_64.whl", hash = "sha256:d01497713e71509c4481ffccdbe3a47b94969345f4e92f814d6626f7c0a4c304"},
    {file = "immutables-0.21-cp311-cp311-musllinux_1_2_aarch64.whl", hash = "sha256:bc7844c9fbb5bece5bfdf2bf8ea74d308f42f40b0665fd25c58abf56d7db024a"},
    {file = "immutables-0.21-cp311-cp311-musllinux_1_2_x86_64.whl", hash = "sha256:984106fa4345efd9f96de22e9949fc97bac8598bdebee03c20b2497a88bff3b7"},
    {file = "immutables-0.21-cp311-cp311-win32.whl", hash = "sha256:1bdb5200518518601377e4877d5034e7c535e9ea8a9d601ed8b0eedef0c7becd"},
    {file = "immutables-0.21-cp311-cp311-win_amd64.whl", hash = "sha256:dd00c34f431c54c95e7b84bfdbdeacb4f039a6a24eb0c1f7aa4b168bb9a6ad0a"},
    {file = "immutables-0.21-cp312-cp312-macosx_10_13_x86_64.whl", hash = "sha256:ef1ed262094b755903122c3c3a83ad0e0d5c3ab7887cda12b2fe878769d1ee0d"},
    {file = "immutables-0.21-cp312-cp312-macosx_11_0_arm64.whl", hash = "sha256:ce604f81d9d8f26e60b52ebcb56bb5c0462c8ea50fb17868487d15f048a2f13e"},
    {file = "immutables-0.21-cp312-cp312-manylinux_2_17_aarch64.manylinux2014_aarch64.whl", hash = "sha256:b48b116aaca4500398058b5a87814857a60c4cb09417fecc12d7da0f5639b73d"},
    {file = "immutables-0.21-cp312-cp312-manylinux_2_5_x86_64.manylinux1_x86_64.manylinux_2_17_x86_64.manylinux2014_x86_64.whl", hash = "sha256:dad7c0c74b285cc0e555ec0e97acbdc6f1862fcd16b99abd612df3243732e741"},
    {file = "immutables-0.21-cp312-cp312-musllinux_1_2_aarch64.whl", hash = "sha256:e44346e2221a5a676c880ca8e0e6429fa24d1a4ae562573f5c04d7f2e759b030"},
    {file = "immutables-0.21-cp312-cp312-musllinux_1_2_x86_64.whl", hash = "sha256:8b10139b529a460e53fe8be699ebd848c54c8a33ebe67763bcfcc809a475a26f"},
    {file = "immutables-0.21-cp312-cp312-win32.whl", hash = "sha256:fc512d808662614feb17d2d92e98f611d69669a98c7af15910acf1dc72737038"},
    {file = "immutables-0.21-cp312-cp312-win_amd64.whl", hash = "sha256:461dcb0f58a131045155e52a2c43de6ec2fe5ba19bdced6858a3abb63cee5111"},
    {file = "immutables-0.21-cp313-cp313-macosx_10_13_x86_64.whl", hash = "sha256:79674b51aa8dd983f9ac55f7f67b433b1df84a6b4f28ab860588389a5659485b"},
    {file = "immutables-0.21-cp313-cp313-macosx_11_0_arm64.whl", hash = "sha256:93c8350f8f7d0d9693f708229d9d0578e6f3b785ce6da4bced1da97137aacfad"},
    {file = "immutables-0.21-cp313-cp313-manylinux_2_17_aarch64.manylinux2014_aarch64.whl", hash = "sha256:583d2a63e444ce1538cc2bda56ae1f4a1a11473dbc0377c82b516bc7eec3b81e"},
    {file = "immutables-0.21-cp313-cp313-manylinux_2_5_x86_64.manylinux1_x86_64.manylinux_2_17_x86_64.manylinux2014_x86_64.whl", hash = "sha256:b274a52da9b106db55eceb93fc1aea858c4e6f4740189e3548e38613eafc2021"},
    {file = "immutables-0.21-cp313-cp313-musllinux_1_2_aarch64.whl", hash = "sha256:338bede057250b33716a3e4892e15df0bf5a5ddbf1d67ead996b3e680b49ef9e"},
    {file = "immutables-0.21-cp313-cp313-musllinux_1_2_x86_64.whl", hash = "sha256:8781c89583b68f604cf30f0978b722165824c3075888639fde771bf1a3e12dc0"},
    {file = "immutables-0.21-cp313-cp313-win32.whl", hash = "sha256:e97ea83befad873712f283c0cccd630f70cba753e207b4868af28d5b85e9dc54"},
    {file = "immutables-0.21-cp313-cp313-win_amd64.whl", hash = "sha256:cfcb23bd898f5a4ef88692b42c51f52ca7373a35ba4dcc215060a668639eb5da"},
    {file = "immutables-0.21-cp38-cp38-macosx_10_9_x86_64.whl", hash = "sha256:07a37d8699255402a10784d4d45f2bcc00ca7dba8da763207a834b15767e6c62"},
    {file = "immutables-0.21-cp38-cp38-macosx_11_0_arm64.whl", hash = "sha256:9139fd80bb05501216f49c4306bb80d0c1a08c3f0f621ed2939bf52d7f762661"},
    {file = "immutables-0.21-cp38-cp38-manylinux_2_17_aarch64.manylinux2014_aarch64.whl", hash = "sha256:fc6fc7e917e281361ad243be1a3cb56a7633de88ee67c94cdf5651958ead30d9"},
    {file = "immutables-0.21-cp38-cp38-manylinux_2_5_x86_64.manylinux1_x86_64.manylinux_2_17_x86_64.manylinux2014_x86_64.whl", hash = "sha256:f6a577f55eaaf763b685eef9710edbeb7ee95e2e5f54e7e5e0fd0f60ae2eb648"},
    {file = "immutables-0.21-cp38-cp38-musllinux_1_2_aarch64.whl", hash = "sha256:ca912c1bb35615ccbe361a6bb76e6fd43827394102467967d5599d78b50dd0f4"},
    {file = "immutables-0.21-cp38-cp38-musllinux_1_2_x86_64.whl", hash = "sha256:586e88ca7ed44b7bb2cd7b212abd2637b51bd95bdb4856ab111b44715a62071c"},
    {file = "immutables-0.21-cp38-cp38-win32.whl", hash = "sha256:21adc6b478a58692c79c5bf316b39d3fd0552441d2b38eef1782a7555deee484"},
    {file = "immutables-0.21-cp38-cp38-win_amd64.whl", hash = "sha256:ecff5274357dc18aae053e5e10b8eee5e9b4d6cc774d34148c992cb2eb787ec3"},
    {file = "immutables-0.21-cp39-cp39-macosx_10_9_x86_64.whl", hash = "sha256:e2aadf3bdd90daa0e8cb9c3cde4070e1021036e3b57f571a007ce24f323e47a9"},
    {file = "immutables-0.21-cp39-cp39-macosx_11_0_arm64.whl", hash = "sha256:5f8f507731d4d15e0c579aa77d8482471f988dc0f451e4bf3853ec36ccd42627"},
    {file = "immutables-0.21-cp39-cp39-manylinux_2_17_aarch64.manylinux2014_aarch64.whl", hash = "sha256:cb9a378a4480381d7d3d63b0d201cf610eae0bf70e26a9306e3e631c9bd64010"},
    {file = "immutables-0.21-cp39-cp39-manylinux_2_5_x86_64.manylinux1_x86_64.manylinux_2_17_x86_64.manylinux2014_x86_64.whl", hash = "sha256:4a7b5920bbfcaf038894c8ce4ed2eff0b31c3559810a61806db751be8ab4d703"},
    {file = "immutables-0.21-cp39-cp39-musllinux_1_2_aarch64.whl", hash = "sha256:8b90702d1fe313e8273ae7abb46fc0f0a87b47c1c9a83aed9a161301146e655c"},
    {file = "immutables-0.21-cp39-cp39-musllinux_1_2_x86_64.whl", hash = "sha256:71cbbc6fbe7e7321648047ff9273f4605f8bd5ce456841a65ef151080e9d3481"},
    {file = "immutables-0.21-cp39-cp39-win32.whl", hash = "sha256:c44f286c47dc0d4d7b5bf19fbe975e6d57c56d2878cea413e1ec7a4bfffb2727"},
    {file = "immutables-0.21-cp39-cp39-win_amd64.whl", hash = "sha256:cf15314c39484b8947a4e20c3526021272510592fb2807b5136a2fcd6ab0151b"},
    {file = "immutables-0.21.tar.gz", hash = "sha256:b55ffaf0449790242feb4c56ab799ea7af92801a0a43f9e2f4f8af2ab24dfc4a"},
]

[package.extras]
test = ["flake8 (>=5.0,<6.0)", "mypy (>=1.4,<2.0)", "pycodestyle (>=2.9,<3.0)", "pytest (>=7.4,<8.0)"]

[[package]]
name = "iniconfig"
version = "2.1.0"
description = "brain-dead simple config-ini parsing"
optional = true
python-versions = ">=3.8"
groups = ["main"]
markers = "extra == \"dev\""
files = [
    {file = "iniconfig-2.1.0-py3-none-any.whl", hash = "sha256:9deba5723312380e77435581c6bf4935c94cbfab9b1ed33ef8d238ea168eb760"},
    {file = "iniconfig-2.1.0.tar.gz", hash = "sha256:3abbd2e30b36733fee78f9c7f7308f2d0050e88f0087fd25c2645f63c773e1c7"},
]

[[package]]
name = "packaging"
version = "26.3"
description = "Core utilities for Python packages"
optional = true
python-versions = ">=3.9"
groups = ["main"]
markers = "extra == \"dev\""
files = [
    {file = "packaging-26.3-py3-none-any.whl", hash = "sha256:d7193f7c8e4e93f444fde0262bf90af30e16fa0ad0ad44cb553c87339b23cd1c"},
    {file = "packaging-26.3.tar.gz", hash = "sha256:94edc256424af38762eb31306eed28beb9f0efc50a8837492c9d6fd6004aed79"},
]

[[package]]
name = "pluggy"
version = "1.6.0"
description = "plugin and hook calling mechanisms for python"
optional = true
python-versions = ">=3.9"
groups = ["main"]
markers = "extra == \"dev\""
files = [
    {file = "pluggy-1.6.0-py3-none-any.whl", hash = "sha256:e920276dd6813095e9377c0bc5566d94c932c33b27a3e3945d8389c374dd4746"},
    {file = "pluggy-1.6.0.tar.gz", hash = "sha256:7dcc130b76258d33b90f61b658791dede3486c3e6bfb003ee5c9bfb396dd22f3"},
]

[package.extras]
dev = ["pre-commit", "tox"]
testing = ["coverage", "pytest", "pytest-benchmark"]

[[package]]
name = "pygments"
version = "2.21.0"
description = "Pygments is a syntax highlighting package written in Python."
optional = true
python-versions = ">=3.9"
groups = ["main"]
markers = "extra == \"dev\""
files = [
    {file = "pygments-2.21.0-py3-none-any.whl", hash = "sha256:2363c69b61c4a97c838da3b130dcd6468f4848992b21a82f2a63ec34377137d9"},
    {file = "pygments-2.21.0.tar.gz", hash = "sha256:610ca751c9bc2492b38eb9a38a7fbc93edbbb2d7182edaf34e66ae493dee5c8c"},
]

[package.extras]
windows-terminal = ["colorama (>=0.4.6)"]

[[package]]
name = "pytest"
version = "8.4.2"
description = "pytest: simple powerful testing with Python"
optional = true
python-versions = ">=3.9"
groups = ["main"]
markers = "extra == \"dev\""
files = [
    {file = "pytest-8.4.2-py3-none-any.whl", hash = "sha256:872f880de3fc3a5bdc88a11b39c9710c3497a547cfa9320bc3c5e62fbf272e79"},
    {file = "pytest-8.4.2.tar.gz", hash = "sha256:86c0d0b93306b961d58d62a4db4879f27fe25513d4b969df351abdddb3c30e01"},
]

[package.dependencies]
colorama = {version = ">=0.4", markers = "sys_platform == \"win32\""}
exceptiongroup = {version = ">=1", markers = "python_version < \"3.11\""}
iniconfig = ">=1"
packaging = ">=20"
pluggy = ">=1.5,<2"
pygments = ">=2.7.2"
tomli = {version = ">=1", markers = "python_version < \"3.11\""}

[package.extras]
dev = ["argcomplete", "attrs (>=19.2)", "hypothesis (>=3.56)", "mock", "requests", "setuptools", "xmlschema"]

[[package]]
name = "pytest-asyncio"
version = "1.2.0"
description = "Pytest support for asyncio"
optional = true
python-versions = ">=3.9"
groups = ["main"]
markers = "extra == \"dev\""
files = [
    {file = "pytest_asyncio-1.2.0-py3-none-any.whl", hash = "sha256:8e17ae5e46d8e7efe51ab6494dd2010f4ca8dae51652aa3c8d55acf50bfb2e99"},
    {file = "pytest_asyncio-1.2.0.tar.gz", hash = "sha256:c609a64a2a8768462d0c99811ddb8bd2583c33fd33cf7f21af1c142e824ffb57"},
]

[package.dependencies]
backports-asyncio-runner = {version = ">=1.1,<2", markers = "python_version < \"3.11\""}
pytest = ">=8.2,<9"
typing-extensions = {version = ">=4.12", markers = "python_version < \"3.13\""}

[package.extras]
docs = ["sphinx (>=5.3)", "sphinx-rtd-theme (>=1)"]
testing = ["coverage (>=6.2)", "hypothesis (>=5.7.1)"]

[[package]]
name = "redis"
version = "7.0.1"
description = "Python client for Redis database and key-value store"
optional = true
python-versions = ">=3.9"
groups = ["main"]
markers = "extra == \"redis\" or extra == \"dev\""
files = [
    {file = "redis-7.0.1-py3-none-any.whl", hash = "sha256:4977af3c7d67f8f0eb8b6fec0dafc9605db9343142f634041fb0235f67c0588a"},
    {file = "redis-7.0.1.tar.gz", hash = "sha256:c949df947dca995dc68fdf5a7863950bf6df24f8d6022394585acc98e81624f1"},
]

[package.dependencies]
async-timeout = {version = ">=4.0.3", markers = "python_full_version < \"3.11.3\""}

[package.extras]
circuit-breaker = ["pybreaker (>=1.4.0)"]
hiredis = ["hiredis (>=3.2.0)"]
jwt = ["pyjwt (>=2.9.0)"]
ocsp = ["cryptography (>=36.0.1)", "pyopenssl (>=20.0.1)", "requests (>=2.31.0)"]

[[package]]
name = "sortedcontainers"
version = "2.4.0"
description = "Sorted Containers -- Sorted List, Sorted Dict, Sorted Set"
optional = true
python-versions = "*"
groups = ["main"]
markers = "extra == \"dev\""
files = [
    {file = "sortedcontainers-2.4.0-py2.py3-none-any.whl", hash = "sha256:a163dcaede0f1c021485e957a39245190e74249897e2ae4b2aa38595db237ee0"},
    {file = "sortedcontainers-2.4.0.tar.gz", hash = "sha256:25caa5a06cc30b6b83d11423433f65d1f9d76c4c6a0c90e3379eaa43b9bfdb88"},
]

[[package]]
name = "tomli"
version = "2.4.1"
description = "A lil' TOML parser"
optional = true
python-versions = ">=3.8"
groups = ["main"]
markers = "extra == \"dev\" and python_version < \"3.11\""
files = [
    {file = "tomli-2.4.1-cp311-cp311-macosx_10_9_x86_64.whl", hash = "sha256:f8f0fc26ec2cc2b965b7a3b87cd19c5c6b8c5e5f436b984e85f486d652285c30"},
    {file = "tomli-2.4.1-cp311-cp311-macosx_11_0_arm64.whl", hash = "sha256:4ab97e64ccda8756376892c53a72bd1f964e519c77236368527f758fbc36a53a"},
    {file = "tomli-2.4.1-cp311-cp311-manylinux2014_aarch64.manylinux_2_17_aarch64.manylinux_2_28_aarch64.whl", hash = "sha256:96481a5786729fd470164b47cdb3e0e58062a496f455ee41b4403be77cb5a076"},
    {file = "tomli-2.4.1-cp311-cp311-manylinux2014_x86_64.manylinux_2_17_x86_64.manylinux_2_28_x86_64.whl", hash = "sha256:5a881ab208c0baf688221f8cecc5401bd291d67e38a1ac884d6736cbcd8247e9"},
    {file = "tomli-2.4.1-cp311-cp311-musllinux_1_2_aarch64.whl", hash = "sha256:47149d5bd38761ac8be13a84864bf0b7b70bc051806bc3669ab1cbc56216b23c"},
    {file = "tomli-2.4.1-cp311-cp311-musllinux_1_2_x86_64.whl", hash = "sha256:ec9bfaf3ad2df51ace80688143a6a4ebc09a248f6ff781a9945e51937008fcbc"},
    {file = "tomli-2.4.1-cp311-cp311-win32.whl", hash = "sha256:ff2983983d34813c1aeb0fa89091e76c3a22889ee83ab27c5eeb45100560c049"},
    {file = "tomli-2.4.1-cp311-cp311-win_amd64.whl", hash = "sha256:5ee18d9ebdb417e384b58fe414e8d6af9f4e7a0ae761519fb50f721de398dd4e"},
    {file = "tomli-2.4.1-cp311-cp311-win_arm64.whl", hash = "sha256:c2541745709bad0264b7d4705ad453b76ccd191e64aa6f0fc66b69a293a45ece"},
    {file = "tomli-2.4.1-cp312-cp312-macosx_10_13_x86_64.whl", hash = "sha256:c742f741d58a28940ce01d58f0ab2ea3ced8b12402f162f4d534dfe18ba1cd6a"},
    {file = "tomli-2.4.1-cp312-cp312-macosx_11_0_arm64.whl", hash = "sha256:7f86fd587c4ed9dd76f318225e7d9b29cfc5a9d43de44e5754db8d1128487085"},
    {file = "tomli-2.4.1-cp312-cp312-manylinux2014_aarch64.manylinux_2_17_aarch64.manylinux_2_28_aarch64.whl", hash = "sha256:ff18e6a727ee0ab0388507b89d1bc6a22b138d1e2fa56d1ad494586d61d2eae9"},
    {file = "tomli-2.4.1-cp312-cp312-manylinux2014_x86_64.manylinux_2_17_x86_64.manylinux_2_28_x86_64.whl", hash = "sha256:136443dbd7e1dee43c68ac2694fde36b2849865fa258d39bf822c10e8068eac5"},
    {file = "tomli-2.4.1-cp312-cp312-musllinux_1_2_aarch64.whl", hash = "sha256:5e262d41726bc187e69af7825504c933b6794dc3fbd5945e41a79bb14c31f585"},
    {file = "tomli-2.4.1-cp312-cp312-musllinux_1_2_x86_64.whl", hash = "sha256:5cb41aa38891e073ee49d55fbc7839cfdb2bc0e600add13874d048c94aadddd1"},
    {file = "tomli-2.4.1-cp312-cp312-win32.whl", hash = "sha256:da25dc3563bff5965356133435b757a795a17b17d01dbc0f42fb32447ddfd917"},
    {file = "tomli-2.4.1-cp312-cp312-win_amd64.whl", hash = "sha256:52c8ef851d9a240f11a88c003eacb03c31fc1c9c4ec64a99a0f922b93874fda9"},
    {file = "tomli-2.4.1-cp312-cp312-win_arm64.whl", hash = "sha256:f758f1b9299d059cc3f6546ae2af89670cb1c4d48ea29c3cacc4fe7de3058257"},
    {file = "tomli-2.4.1-cp313-cp313-macosx_10_13_x86_64.whl", hash = "sha256:36d2bd2ad5fb9eaddba5226aa02c8ec3fa4f192631e347b3ed28186d43be6b54"},
    {file = "tomli-2.4.1-cp313-cp313-macosx_11_0_arm64.whl", hash = "sha256:eb0dc4e38e6a1fd579e5d50369aa2e10acfc9cace504579b2faabb478e76941a"},
    {file = "tomli-2.4.1-cp313-cp313-manylinux2014_aarch64.manylinux_2_17_aarch64.manylinux_2_28_aarch64.whl", hash = "sha256:c7f2c7f2b9ca6bdeef8f0fa897f8e05085923eb091721675170254cbc5b02897"},
    {file = "tomli-2.4.1-cp313-cp313-manylinux2014_x86_64.manylinux_2_17_x86_64.manylinux_2_28_x86_64.whl", hash = "sha256:f3c6818a1a86dd6dca7ddcaaf76947d5ba31aecc28cb1b67009a5877c9a64f3f"},
    {file = "tomli-2.4.1-cp313-cp313-musllinux_1_2_aarch64.whl", hash = "sha256:d312ef37c91508b0ab2cee7da26ec0b3ed2f03ce12bd87a588d771ae15dcf82d"},
    {file = "tomli-2.4.1-cp313-cp313-musllinux_1_2_x86_64.whl", hash = "sha256:51529d40e3ca50046d7606fa99ce3956a617f9b36380da3b7f0dd3dd28e68cb5"},
    {file = "tomli-2.4.1-cp313-cp313-win32.whl", hash = "sha256:2190f2e9dd7508d2a90ded5ed369255980a1bcdd58e52f7fe24b8162bf9fedbd"},
    {file = "tomli-2.4.1-cp313-cp313-win_amd64.whl", hash = "sha256:8d65a2fbf9d2f8352685bc1364177ee3923d6baf5e7f43ea4959d7d8bc326a36"},
    {file = "tomli-2.4.1-cp313-cp313-win_arm64.whl", hash = "sha256:4b605484e43cdc43f0954ddae319fb75f04cc10dd80d830540060ee7cd0243cd"},
    {file = "tomli-2.4.1-cp314-cp314-macosx_10_15_x86_64.whl", hash = "sha256:fd0409a3653af6c147209d267a0e4243f0ae46b011aa978b1080359fddc9b6cf"},
    {file = "tomli-2.4.1-cp314-cp314-macosx_11_0_arm64.whl", hash = "sha256:a120733b01c45e9a0c34aeef92bf0cf1d56cfe81ed9d47d562f9ed591a9828ac"},
    {file = "tomli-2.4.1-cp314-cp314-manylinux2014_aarch64.manylinux_2_17_aarch64.manylinux_2_28_aarch64.whl", hash = "sha256:559db847dc486944896521f68d8190be1c9e719fced785720d2216fe7022b662"},
    {file = "tomli-2.4.1-cp314-cp314-manylinux2014_x86_64.manylinux_2_17_x86_64.manylinux_2_28_x86_64.whl", hash = "sha256:01f520d4f53ef97964a240a035ec2a869fe1a37dde002b57ebc4417a27ccd853"},
    {file = "tomli-2.4.1-cp314-cp314-musllinux_1_2_aarch64.whl", hash = "sha256:7f94b27a62cfad8496c8d2513e1a222dd446f095fca8987fceef261225538a15"},
    {file = "tomli-2.4.1-cp314-cp314-musllinux_1_2_x86_64.whl", hash = "sha256:ede3e6487c5ef5d28634ba3f31f989030ad6af71edfb0055cbbd14189ff240ba"},
    {file = "tomli-2.4.1-cp314-cp314-win32.whl", hash = "sha256:3d48a93ee1c9b79c04bb38772ee1b64dcf18ff43085896ea460ca8dec96f35f6"},
    {file = "tomli-2.4.1-cp314-cp314-win_amd64.whl", hash = "sha256:88dceee75c2c63af144e456745e10101eb67361050196b0b6af5d717254dddf7"},
    {file = "tomli-2.4.1-cp314-cp314-win_arm64.whl", hash = "sha256:b8c198f8c1805dc42708689ed6864951fd2494f924149d3e4bce7710f8eb5232"},
    {file = "tomli-2.4.1-cp314-cp314t-macosx_10_15_x86_64.whl", hash = "sha256:d4d8fe59808a54658fcc0160ecfb1b30f9089906c50b23bcb4c69eddc19ec2b4"},
    {file = "tomli-2.4.1-cp314-cp314t-macosx_11_0_arm64.whl", hash = "sha256:7008df2e7655c495dd12d2a4ad038ff878d4ca4b81fccaf82b714e07eae4402c"},
    {file = "tomli-2.4.1-cp314-cp314t-manylinux2014_aarch64.manylinux_2_17_aarch64.manylinux_2_28_aarch64.whl", hash = "sha256:1d8591993e228b0c930c4bb0db464bdad97b3289fb981255d6c9a41aedc84b2d"},
    {file = "tomli-2.4.1-cp314-cp314t-manylinux2014_x86_64.manylinux_2_17_x86_64.manylinux_2_28_x86_64.whl", hash = "sha256:734e20b57ba95624ecf1841e72b53f6e186355e216e5412de414e3c51e5e3c41"},
    {file = "tomli-2.4.1-cp314-cp314t-musllinux_1_2_aarch64.whl", hash = "sha256:8a650c2dbafa08d42e51ba0b62740dae4ecb9338eefa093aa5c78ceb546fcd5c"},
    {file = "tomli-2.4.1-cp314-cp314t-musllinux_1_2_x86_64.whl", hash = "sha256:504aa796fe0569bb43171066009ead363de03675276d2d121ac1a4572397870f"},
    {file = "tomli-2.4.1-cp314-cp314t-win32.whl", hash = "sha256:b1d22e6e9387bf4739fbe23bfa80e93f6b0373a7f1b96c6227c32bef95a4d7a8"},
    {file = "tomli-2.4.1-cp314-cp314t-win_amd64.whl", hash = "sha256:2c1c351919aca02858f740c6d33adea0c5deea37f9ecca1cc1ef9e884a619d26"},
    {file = "tomli-2.4.1-cp314-cp314t-win_arm64.whl", hash = "sha256:eab21f45c7f66c13f2a9e0e1535309cee140182a9cdae1e041d02e47291e8396"},
    {file = "tomli-2.4.1-py3-none-any.whl", hash = "sha256:0d85819802132122da43cb86656f8d1f8c6587d54ae7dcaf30e90533028b49fe"},
    {file = "tomli-2.4.1.tar.gz", hash = "sha256:7c7e1a961a0b2f2472c1ac5b69affa0ae1132c39adcb67aba98568702b9cc23f"},
]

[[package]]
name = "typing-extensions"
version = "4.16.0"
description = "Backported and Experimental Type Hints for Python 3.9+"
optional = true
python-versions = ">=3.9"
groups = ["main"]
markers = "extra == \"dev\" and python_version < \"3.13\""
files = [
    {file = "typing_extensions-4.16.0-py3-none-any.whl", hash = "sha256:481caa481374e813c1b176ada14e97f1f67a4539ce9cfeb3f350d78d6370c2e8"},
    {file = "typing_extensions-4.16.0.tar.gz", hash = "sha256:dc983d19a509c94dba722ee6abd33940f7c05a89e243c47e907eb4db6f1a43e5"},
]

[extras]
dev = ["fakeredis", "pytest", "pytest-asyncio"]
redis = ["redis"]

[metadata]
lock-version = "2.1"
python-versions = ">=3.9"
content-hash = "cb3df9770365bb93bd5a8e710fe2ea58b1a2e6994282433d57bc5ad11402949d"
